
Microsoft Visual Studio Solution File, Format Version 12.00
# Visual Studio Version 17
VisualStudioVersion = 17.1.32328.378
MinimumVisualStudioVersion = 10.0.40219.1
Project("{FAE04EC0-301F-11D3-BF4B-00C04F79EFBC}") = "WPFWTW", "WPFWTW\WPFWTW.csproj", "{B4ED4C5F-4071-435A-B09B-A155B55F6B82}"
EndProject
Global
	GlobalSection(SolutionConfigurationPlatforms) = preSolution
		Debug|Any CPU = Debug|Any CPU
		Release|Any CPU = Release|Any CPU
	EndGlobalSection
	GlobalSection(ProjectConfigurationPlatforms) = postSolution
		{B4ED4C5F-4071-435A-B09B-A155B55F6B82}.Debug|Any CPU.ActiveCfg = Debug|Any CPU
		{B4ED4C5F-4071-435A-B09B-A155B55F6B82}.Debug|Any CPU.Build.0 = Debug|Any CPU
		{B4ED4C5F-4071-435A-B09B-A155B55F6B82}.Release|Any CPU.ActiveCfg = Release|Any CPU
		{B4ED4C5F-4071-435A-B09B-A155B55F6B82}.Release|Any CPU.Build.0 = Release|Any CPU
	EndGlobalSection
	GlobalSection(SolutionProperties) = preSolution
		HideSolutionNode = FALSE
	EndGlobalSection
	GlobalSection(ExtensibilityGlobals) = postSolution
		SolutionGuid = {B3AE858F-CB3C-4006-87ED-91021BDC1202}
	EndGlobalSection
EndGlobal
